{
  "version": 4,
  "terraform_version": "1.6.6",
  "serial": 6,
  "lineage": "7b43f527-3a77-e5a6-e847-05a3cde70fee",
  "outputs": {},
  "resources": [
    {
      "mode": "managed",
      "type": "github_branch",
      "name": "env_branches",
      "provider": "provider[\"registry.terraform.io/integrations/github\"]",
      "instances": [
        {
          "index_key": "development",
          "schema_version": 0,
          "attributes": {
            "branch": "development",
            "etag": "W/\"cd15878aeae472bee133c8542a4d38f9d27e3eb58fb29d1ba867a96b070b3066\"",
            "id": "MultiEnvRepoEx:development",
            "ref": "refs/heads/development",
            "repository": "MultiEnvRepoEx",
            "sha": "9609cb35871a14a462fb1e612f4c769ecc99ba8a",
            "source_branch": "main",
            "source_sha": "9609cb35871a14a462fb1e612f4c769ecc99ba8a"
          },
          "sensitive_attributes": [],
          "private": "bnVsbA==",
          "dependencies": [
            "github_repository.main"
          ]
        },
        {
          "index_key": "production",
          "schema_version": 0,
          "attributes": {
            "branch": "production",
            "etag": "W/\"0a6ab4d6f4b039eb67f0c7f1c79cc47ffff757381eb11259677d25894aeddcef\"",
            "id": "MultiEnvRepoEx:production",
            "ref": "refs/heads/production",
            "repository": "MultiEnvRepoEx",
            "sha": "9609cb35871a14a462fb1e612f4c769ecc99ba8a",
            "source_branch": "main",
            "source_sha": "9609cb35871a14a462fb1e612f4c769ecc99ba8a"
          },
          "sensitive_attributes": [],
          "private": "bnVsbA==",
          "dependencies": [
            "github_repository.main"
          ]
        },
        {
          "index_key": "staging",
          "schema_version": 0,
          "attributes": {
            "branch": "staging",
            "etag": "W/\"6b7eae479c2544a43e6d0f77961b83bcb7070fd45a6a4bada2ebaf4ba8d786d6\"",
            "id": "MultiEnvRepoEx:staging",
            "ref": "refs/heads/staging",
            "repository": "MultiEnvRepoEx",
            "sha": "9609cb35871a14a462fb1e612f4c769ecc99ba8a",
            "source_branch": "main",
            "source_sha": "9609cb35871a14a462fb1e612f4c769ecc99ba8a"
          },
          "sensitive_attributes": [],
          "private": "bnVsbA==",
          "dependencies": [
            "github_repository.main"
          ]
        }
      ]
    },
    {
      "mode": "managed",
      "type": "github_repository",
      "name": "main",
      "provider": "provider[\"registry.terraform.io/integrations/github\"]",
      "instances": [
        {
          "schema_version": 1,
          "attributes": {
            "allow_auto_merge": false,
            "allow_merge_commit": true,
            "allow_rebase_merge": true,
            "allow_squash_merge": true,
            "allow_update_branch": false,
            "archive_on_destroy": null,
            "archived": false,
            "auto_init": true,
            "default_branch": "main",
            "delete_branch_on_merge": false,
            "description": "A multi environment repository.",
            "etag": "W/\"98ed9f7efb1bca3d03c19e61a672059af6d3a3782087ac853488995e3af8316e\"",
            "full_name": "CrimsonSeaArch/MultiEnvRepoEx",
            "git_clone_url": "git://github.com/CrimsonSeaArch/MultiEnvRepoEx.git",
            "gitignore_template": null,
            "has_discussions": false,
            "has_downloads": false,
            "has_issues": false,
            "has_projects": false,
            "has_wiki": false,
            "homepage_url": "",
            "html_url": "https://github.com/CrimsonSeaArch/MultiEnvRepoEx",
            "http_clone_url": "https://github.com/CrimsonSeaArch/MultiEnvRepoEx.git",
            "id": "MultiEnvRepoEx",
            "ignore_vulnerability_alerts_during_read": null,
            "is_template": false,
            "license_template": null,
            "merge_commit_message": "PR_TITLE",
            "merge_commit_title": "MERGE_MESSAGE",
            "name": "MultiEnvRepoEx",
            "node_id": "R_kgDOQFzKuw",
            "pages": [],
            "primary_language": "",
            "private": false,
            "repo_id": 1079823035,
            "security_and_analysis": [
              {
                "advanced_security": [],
                "secret_scanning": [
                  {
                    "status": "enabled"
                  }
                ],
                "secret_scanning_push_protection": [
                  {
                    "status": "enabled"
                  }
                ]
              }
            ],
            "squash_merge_commit_message": "COMMIT_MESSAGES",
            "squash_merge_commit_title": "COMMIT_OR_PR_TITLE",
            "ssh_clone_url": "git@github.com:CrimsonSeaArch/MultiEnvRepoEx.git",
            "svn_url": "https://github.com/CrimsonSeaArch/MultiEnvRepoEx",
            "template": [],
            "topics": [],
            "visibility": "public",
            "vulnerability_alerts": false,
            "web_commit_signoff_required": false
          },
          "sensitive_attributes": [
            [
              {
                "type": "get_attr",
                "value": "description"
              }
            ]
          ],
          "private": "eyJzY2hlbWFfdmVyc2lvbiI6IjEifQ=="
        }
      ]
    }
  ],
  "check_results": null
}
